
Microsoft Visual Studio Solution File, Format Version 12.00
# Visual Studio Version 17
VisualStudioVersion = 17.1.31911.260
MinimumVisualStudioVersion = 10.0.40219.1
Project("{2150E333-8FDC-42A3-9474-1A3956D46DE8}") = "Strategy Pattern", "Strategy Pattern", "{96EFC3B5-F27F-428E-985C-6D0BFF2E0C8C}"
EndProject
Project("{9A19103F-16F7-4668-BE54-9A1E7A4F7556}") = "StrategyPattern", "StrategyPattern\StrategyPattern.csproj", "{D9D26A29-CE31-4D48-8760-4337D5CB886A}"
EndProject
Project("{9A19103F-16F7-4668-BE54-9A1E7A4F7556}") = "StrategyPattern.Tests", "StrategyPattern.Tests\StrategyPattern.Tests.csproj", "{3255DCF1-8C28-42E4-BB69-07DC9B3C9B66}"
EndProject
Project("{2150E333-8FDC-42A3-9474-1A3956D46DE8}") = "Observer Pattern", "Observer Pattern", "{098C5BD6-B7F0-4DEE-B645-C14136BE5A78}"
EndProject
Project("{9A19103F-16F7-4668-BE54-9A1E7A4F7556}") = "ObserverPattern.Tests", "ObserverPattern.Tests\ObserverPattern.Tests.csproj", "{67495C8F-5163-4A7B-A123-D796CBAD545D}"
EndProject
Project("{9A19103F-16F7-4668-BE54-9A1E7A4F7556}") = "ObserverPattern", "ObserverPattern\ObserverPattern.csproj", "{10E41FB6-B56C-4894-96DF-CDF1852B2FF8}"
EndProject
Project("{2150E333-8FDC-42A3-9474-1A3956D46DE8}") = "DecoratorPattern", "DecoratorPattern", "{1680DFE2-8213-4A1F-BA7E-C882BA0DD7D6}"
EndProject
Project("{FAE04EC0-301F-11D3-BF4B-00C04F79EFBC}") = "DecoratorPattern", "DecoratorPattern\DecoratorPattern.csproj", "{9C4FC82B-E398-4D93-80D5-D74EF304FD24}"
EndProject
Project("{FAE04EC0-301F-11D3-BF4B-00C04F79EFBC}") = "DecoratorPattern.Tests", "DecoratorPattern.Tests\DecoratorPattern.Tests.csproj", "{027B7C37-45F2-496F-8D33-A3035C083756}"
EndProject
Project("{2150E333-8FDC-42A3-9474-1A3956D46DE8}") = "FactoryPattern", "FactoryPattern", "{1A76E423-DB44-40D6-B6CE-BA35E2B07E61}"
EndProject
Project("{FAE04EC0-301F-11D3-BF4B-00C04F79EFBC}") = "FactoryPattern", "FactoryPattern\FactoryPattern.csproj", "{FCC27C2C-BC3D-4C4A-84BC-2A9633B33538}"
EndProject
Project("{FAE04EC0-301F-11D3-BF4B-00C04F79EFBC}") = "FactoryPattern.Tests", "FactoryPattern.Tests\FactoryPattern.Tests.csproj", "{3AE5F209-5774-4780-8A53-BCA358710937}"
EndProject
Global
	GlobalSection(SolutionConfigurationPlatforms) = preSolution
		Debug|Any CPU = Debug|Any CPU
		Release|Any CPU = Release|Any CPU
	EndGlobalSection
	GlobalSection(ProjectConfigurationPlatforms) = postSolution
		{D9D26A29-CE31-4D48-8760-4337D5CB886A}.Debug|Any CPU.ActiveCfg = Debug|Any CPU
		{D9D26A29-CE31-4D48-8760-4337D5CB886A}.Debug|Any CPU.Build.0 = Debug|Any CPU
		{D9D26A29-CE31-4D48-8760-4337D5CB886A}.Release|Any CPU.ActiveCfg = Release|Any CPU
		{D9D26A29-CE31-4D48-8760-4337D5CB886A}.Release|Any CPU.Build.0 = Release|Any CPU
		{3255DCF1-8C28-42E4-BB69-07DC9B3C9B66}.Debug|Any CPU.ActiveCfg = Debug|Any CPU
		{3255DCF1-8C28-42E4-BB69-07DC9B3C9B66}.Debug|Any CPU.Build.0 = Debug|Any CPU
		{3255DCF1-8C28-42E4-BB69-07DC9B3C9B66}.Release|Any CPU.ActiveCfg = Release|Any CPU
		{3255DCF1-8C28-42E4-BB69-07DC9B3C9B66}.Release|Any CPU.Build.0 = Release|Any CPU
		{67495C8F-5163-4A7B-A123-D796CBAD545D}.Debug|Any CPU.ActiveCfg = Debug|Any CPU
		{67495C8F-5163-4A7B-A123-D796CBAD545D}.Debug|Any CPU.Build.0 = Debug|Any CPU
		{67495C8F-5163-4A7B-A123-D796CBAD545D}.Release|Any CPU.ActiveCfg = Release|Any CPU
		{67495C8F-5163-4A7B-A123-D796CBAD545D}.Release|Any CPU.Build.0 = Release|Any CPU
		{10E41FB6-B56C-4894-96DF-CDF1852B2FF8}.Debug|Any CPU.ActiveCfg = Debug|Any CPU
		{10E41FB6-B56C-4894-96DF-CDF1852B2FF8}.Debug|Any CPU.Build.0 = Debug|Any CPU
		{10E41FB6-B56C-4894-96DF-CDF1852B2FF8}.Release|Any CPU.ActiveCfg = Release|Any CPU
		{10E41FB6-B56C-4894-96DF-CDF1852B2FF8}.Release|Any CPU.Build.0 = Release|Any CPU
		{9C4FC82B-E398-4D93-80D5-D74EF304FD24}.Debug|Any CPU.ActiveCfg = Debug|Any CPU
		{9C4FC82B-E398-4D93-80D5-D74EF304FD24}.Debug|Any CPU.Build.0 = Debug|Any CPU
		{9C4FC82B-E398-4D93-80D5-D74EF304FD24}.Release|Any CPU.ActiveCfg = Release|Any CPU
		{9C4FC82B-E398-4D93-80D5-D74EF304FD24}.Release|Any CPU.Build.0 = Release|Any CPU
		{027B7C37-45F2-496F-8D33-A3035C083756}.Debug|Any CPU.ActiveCfg = Debug|Any CPU
		{027B7C37-45F2-496F-8D33-A3035C083756}.Debug|Any CPU.Build.0 = Debug|Any CPU
		{027B7C37-45F2-496F-8D33-A3035C083756}.Release|Any CPU.ActiveCfg = Release|Any CPU
		{027B7C37-45F2-496F-8D33-A3035C083756}.Release|Any CPU.Build.0 = Release|Any CPU
		{FCC27C2C-BC3D-4C4A-84BC-2A9633B33538}.Debug|Any CPU.ActiveCfg = Debug|Any CPU
		{FCC27C2C-BC3D-4C4A-84BC-2A9633B33538}.Debug|Any CPU.Build.0 = Debug|Any CPU
		{FCC27C2C-BC3D-4C4A-84BC-2A9633B33538}.Release|Any CPU.ActiveCfg = Release|Any CPU
		{FCC27C2C-BC3D-4C4A-84BC-2A9633B33538}.Release|Any CPU.Build.0 = Release|Any CPU
		{3AE5F209-5774-4780-8A53-BCA358710937}.Debug|Any CPU.ActiveCfg = Debug|Any CPU
		{3AE5F209-5774-4780-8A53-BCA358710937}.Debug|Any CPU.Build.0 = Debug|Any CPU
		{3AE5F209-5774-4780-8A53-BCA358710937}.Release|Any CPU.ActiveCfg = Release|Any CPU
		{3AE5F209-5774-4780-8A53-BCA358710937}.Release|Any CPU.Build.0 = Release|Any CPU
	EndGlobalSection
	GlobalSection(SolutionProperties) = preSolution
		HideSolutionNode = FALSE
	EndGlobalSection
	GlobalSection(NestedProjects) = preSolution
		{D9D26A29-CE31-4D48-8760-4337D5CB886A} = {96EFC3B5-F27F-428E-985C-6D0BFF2E0C8C}
		{3255DCF1-8C28-42E4-BB69-07DC9B3C9B66} = {96EFC3B5-F27F-428E-985C-6D0BFF2E0C8C}
		{67495C8F-5163-4A7B-A123-D796CBAD545D} = {098C5BD6-B7F0-4DEE-B645-C14136BE5A78}
		{10E41FB6-B56C-4894-96DF-CDF1852B2FF8} = {098C5BD6-B7F0-4DEE-B645-C14136BE5A78}
		{9C4FC82B-E398-4D93-80D5-D74EF304FD24} = {1680DFE2-8213-4A1F-BA7E-C882BA0DD7D6}
		{027B7C37-45F2-496F-8D33-A3035C083756} = {1680DFE2-8213-4A1F-BA7E-C882BA0DD7D6}
		{FCC27C2C-BC3D-4C4A-84BC-2A9633B33538} = {1A76E423-DB44-40D6-B6CE-BA35E2B07E61}
		{3AE5F209-5774-4780-8A53-BCA358710937} = {1A76E423-DB44-40D6-B6CE-BA35E2B07E61}
	EndGlobalSection
	GlobalSection(ExtensibilityGlobals) = postSolution
		SolutionGuid = {4A3967EB-23F9-4468-B4D6-6200F72B60A0}
	EndGlobalSection
EndGlobal
